version = 1
revision = 3
requires-python = ">=3.12"

[[package]]
name = "confluent-kafka"
version = "2.15.0"
source = { registry = "https://pypi.org/simple" }
sdist = { url = "https://files.pythonhosted.org/packages/51/90/eb998fedefb63b42910b54b76b7d300ccddc56430a5175122eb60cedc4f3/confluent_kafka-2.15.0.tar.gz", hash = "sha256:7ad9bad1cbabf6713ec039b8204b48d322024fd11397eec88d912e048c732ba7", size = 323365, upload-time = "2026-06-30T19:48:43.395Z" }
wheels = [
    { url = "https://files.pythonhosted.org/packages/7a/b3/34811eb66633dce51f583cd0ea5d78a26c9a135847d7dbd536fc5a963055/confluent_kafka-2.15.0-cp312-cp312-macosx_10_9_x86_64.whl", hash = "sha256:6e5ea2933c0b07782a99dfdfc9d52e92526e7a61839a6994feb994dcf2a78a74", size = 4367689, upload-time = "2026-06-30T19:48:00.855Z" },
    { url = "https://files.pythonhosted.org/packages/8f/08/9fea6928cd1e678df0be930206e631bb7e44e7ed54560f5b3f76352187ff/confluent_kafka-2.15.0-cp312-cp312-macosx_11_0_arm64.whl", hash = "sha256:e4465a060ab215d5d514b181f3e7502c6fd7887529381c4af940a0b60f9d65cc", size = 4338594, upload-time = "2026-06-30T19:48:02.469Z" },
    { url = "https://files.pythonhosted.org/packages/25/5f/f9728a100ba40d31a957c5f5cb594ea7d49fd1188002543d3543349a063a/confluent_kafka-2.15.0-cp312-cp312-manylinux_2_28_aarch64.whl", hash = "sha256:b68e6f441866542c9150e6fdf106131eee5a51db591937888c866d799fb354ec", size = 4979384, upload-time = "2026-06-30T19:48:04.127Z" },
    { url = "https://files.pythonhosted.org/packages/8b/2e/9f80cae9dd7b4852b8a24f9f91001916b987a2ba359e9f077c43ca41d5da/confluent_kafka-2.15.0-cp312-cp312-manylinux_2_28_x86_64.whl", hash = "sha256:fd833dab1392f456b9dd52b7ed9ac65b2cc36871ed5e3ebe8d53486c965b6453", size = 4785580, upload-time = "2026-06-30T19:48:05.841Z" },
    { url = "https://files.pythonhosted.org/packages/6e/b6/02f73ed259d5be5fbbc8dde41527cad097eca56ab7831026039c8abbaffc/confluent_kafka-2.15.0-cp312-cp312-win_amd64.whl", hash = "sha256:2cc8d01a77c534669bb896f731c8917cd63b787618081fdd0d1420d58cd6815b", size = 4549188, upload-time = "2026-06-30T19:48:07.426Z" },
    { url = "https://files.pythonhosted.org/packages/b0/80/c7bba18644fb748fc1202e2652230652d243c764fc158798d9f2096513c4/confluent_kafka-2.15.0-cp313-cp313-macosx_13_0_arm64.whl", hash = "sha256:ff43508f8e929d83545272ef4f17e27fdaa9cc8397f77cf2236b22d67de4edc4", size = 4343586, upload-time = "2026-06-30T19:48:09.272Z" },
    { url = "https://files.pythonhosted.org/packages/fa/41/0be8143a944c70c6055e8d0fb713964ebe173494e280451c927fa02247ab/confluent_kafka-2.15.0-cp313-cp313-macosx_13_0_x86_64.whl", hash = "sha256:41d4c7360c51202785e8e9aa56241dd392b9dbcc311eae7c5e6985b239efc12b", size = 4371325, upload-time = "2026-06-30T19:48:10.996Z" },
    { url = "https://files.pythonhosted.org/packages/e2/3c/d5c83c20599a82faa065b922b55338c672a268fa2ac75f54e53bed8913d7/confluent_kafka-2.15.0-cp313-cp313-manylinux_2_28_aarch64.whl", hash = "sha256:b0ac3831aac47ea23699a6ca5b9836288a4b9d201015dbfc4c3ec9f20592fdb5", size = 4979865, upload-time = "2026-06-30T19:48:12.447Z" },
    { url = "https://files.pythonhosted.org/packages/40/79/5be34236697e8fabbed5534a67100b9d9d11c210de55ba3ba2590d7d7634/confluent_kafka-2.15.0-cp313-cp313-manylinux_2_28_x86_64.whl", hash = "sha256:0455754e8294e1e76cb5acc083c300b6bd8d88f2d2c551c583cbf4ab55889a57", size = 4785955, upload-time = "2026-06-30T19:48:14.055Z" },
    { url = "https://files.pythonhosted.org/packages/94/ff/4da4e954040769d46111f3c0e5b3e76f2d3bc4b27c1deb5fd64fc9cc4055/confluent_kafka-2.15.0-cp313-cp313-win_amd64.whl", hash = "sha256:7c59ea36606e0e946e6b353203136b4d71be6d95c0c8ae5113b81850ff5b7b41", size = 4608827, upload-time = "2026-06-30T19:48:15.746Z" },
    { url = "https://files.pythonhosted.org/packages/18/20/5c078b9560b8005404e09a5889b9771e8deb5c9dddeb9003f58c7d028258/confluent_kafka-2.15.0-cp314-cp314-macosx_13_0_arm64.whl", hash = "sha256:e781d39ff31d5d10d0502471f92f95aff4f5be1eaae9a1f57aeac164bc9f9029", size = 4343440, upload-time = "2026-06-30T19:48:17.324Z" },
    { url = "https://files.pythonhosted.org/packages/aa/27/fd83281231b6179e3923822e20861dfc1d6c200edb910c3d8e9a15b9e95a/confluent_kafka-2.15.0-cp314-cp314-macosx_13_0_x86_64.whl", hash = "sha256:000463c822a7adc3293369b63688b68d17c03a1a4a64f86182efc08f8b150676", size = 4371051, upload-time = "2026-06-30T19:48:19.29Z" },
    { url = "https://files.pythonhosted.org/packages/5e/3e/fa82e6699144e707972bbf57489598defdf67e844ae2a7d29e0ea4e3a187/confluent_kafka-2.15.0-cp314-cp314-manylinux_2_28_aarch64.whl", hash = "sha256:9ddf4cf4647e5d633ef64e3f5a349d5288edfedf974203993e9d86548c2695be", size = 4979624, upload-time = "2026-06-30T19:48:21.454Z" },
    { url = "https://files.pythonhosted.org/packages/13/ee/b4b6a0da17584b432c83a0500ac79c04864ef92dafdb405614831b995232/confluent_kafka-2.15.0-cp314-cp314-manylinux_2_28_x86_64.whl", hash = "sha256:d8ed33f623ff2a104fb76f99a67e9917f0170fddb4e28380fcdc83347b1646b2", size = 4785678, upload-time = "2026-06-30T19:48:23.068Z" },
    { url = "https://files.pythonhosted.org/packages/a8/f4/19a852d16e8e4f8ac930037d8ecda21a220f6d5d050a59bbce10189ac9ec/confluent_kafka-2.15.0-cp314-cp314-win_amd64.whl", hash = "sha256:2e80bd96f61aae2ffba951754a769e6d3c5ebb5a5e778ed0ae8ad899ea91556b", size = 4744444, upload-time = "2026-06-30T19:48:24.698Z" },
]

[[package]]
name = "for-my-stock"
version = "0.1.0"
source = { virtual = "." }
dependencies = [
    { name = "confluent-kafka" },
    { name = "pyspark" },
    { name = "websockets" },
]

[package.metadata]
requires-dist = [
    { name = "confluent-kafka", specifier = ">=2.15,<3" },
    { name = "pyspark", specifier = "==4.2.0" },
    { name = "websockets", specifier = ">=15,<16" },
]

[[package]]
name = "py4j"
version = "0.10.9.9"
source = { registry = "https://pypi.org/simple" }
sdist = { url = "https://files.pythonhosted.org/packages/38/31/0b210511177070c8d5d3059556194352e5753602fa64b85b7ab81ec1a009/py4j-0.10.9.9.tar.gz", hash = "sha256:f694cad19efa5bd1dee4f3e5270eb406613c974394035e5bfc4ec1aba870b879", size = 761089, upload-time = "2025-01-15T03:53:18.624Z" }
wheels = [
    { url = "https://files.pythonhosted.org/packages/bd/db/ea0203e495be491c85af87b66e37acfd3bf756fd985f87e46fc5e3bf022c/py4j-0.10.9.9-py2.py3-none-any.whl", hash = "sha256:c7c26e4158defb37b0bb124933163641a2ff6e3a3913f7811b0ddbe07ed61533", size = 203008, upload-time = "2025-01-15T03:53:15.648Z" },
]

[[package]]
name = "pyspark"
version = "4.2.0"
source = { registry = "https://pypi.org/simple" }
dependencies = [
    { name = "py4j" },
]
sdist = { url = "https://files.pythonhosted.org/packages/c3/33/c987434f5d50aa802779a004ca0fd45ee4350caab50554ad7283d5a22b50/pyspark-4.2.0.tar.gz", hash = "sha256:5ad689d53570ee1674193fd4f9bda065f0db3be9363a27d2a3406cc457b70b61", size = 450129423, upload-time = "2026-07-14T22:16:46Z" }

[[package]]
name = "websockets"
version = "15.0.1"
source = { registry = "https://pypi.org/simple" }
sdist = { url = "https://files.pythonhosted.org/packages/21/e6/26d09fab466b7ca9c7737474c52be4f76a40301b08362eb2dbc19dcc16c1/websockets-15.0.1.tar.gz", hash = "sha256:82544de02076bafba038ce055ee6412d68da13ab47f0c60cab827346de828dee", size = 177016, upload-time = "2025-03-05T20:03:41.606Z" }
wheels = [
    { url = "https://files.pythonhosted.org/packages/51/6b/4545a0d843594f5d0771e86463606a3988b5a09ca5123136f8a76580dd63/websockets-15.0.1-cp312-cp312-macosx_10_13_universal2.whl", hash = "sha256:3e90baa811a5d73f3ca0bcbf32064d663ed81318ab225ee4f427ad4e26e5aff3", size = 175437, upload-time = "2025-03-05T20:02:16.706Z" },
    { url = "https://files.pythonhosted.org/packages/f4/71/809a0f5f6a06522af902e0f2ea2757f71ead94610010cf570ab5c98e99ed/websockets-15.0.1-cp312-cp312-macosx_10_13_x86_64.whl", hash = "sha256:592f1a9fe869c778694f0aa806ba0374e97648ab57936f092fd9d87f8bc03665", size = 173096, upload-time = "2025-03-05T20:02:18.832Z" },
    { url = "https://files.pythonhosted.org/packages/3d/69/1a681dd6f02180916f116894181eab8b2e25b31e484c5d0eae637ec01f7c/websockets-15.0.1-cp312-cp312-macosx_11_0_arm64.whl", hash = "sha256:0701bc3cfcb9164d04a14b149fd74be7347a530ad3bbf15ab2c678a2cd3dd9a2", size = 173332, upload-time = "2025-03-05T20:02:20.187Z" },
    { url = "https://files.pythonhosted.org/packages/a6/02/0073b3952f5bce97eafbb35757f8d0d54812b6174ed8dd952aa08429bcc3/websockets-15.0.1-cp312-cp312-manylinux_2_17_aarch64.manylinux2014_aarch64.whl", hash = "sha256:e8b56bdcdb4505c8078cb6c7157d9811a85790f2f2b3632c7d1462ab5783d215", size = 183152, upload-time = "2025-03-05T20:02:22.286Z" },
    { url = "https://files.pythonhosted.org/packages/74/45/c205c8480eafd114b428284840da0b1be9ffd0e4f87338dc95dc6ff961a1/websockets-15.0.1-cp312-cp312-manylinux_2_5_i686.manylinux1_i686.manylinux_2_17_i686.manylinux2014_i686.whl", hash = "sha256:0af68c55afbd5f07986df82831c7bff04846928ea8d1fd7f30052638788bc9b5", size = 182096, upload-time = "2025-03-05T20:02:24.368Z" },
    { url = "https://files.pythonhosted.org/packages/14/8f/aa61f528fba38578ec553c145857a181384c72b98156f858ca5c8e82d9d3/websockets-15.0.1-cp312-cp312-manylinux_2_5_x86_64.manylinux1_x86_64.manylinux_2_17_x86_64.manylinux2014_x86_64.whl", hash = "sha256:64dee438fed052b52e4f98f76c5790513235efaa1ef7f3f2192c392cd7c91b65", size = 182523, upload-time = "2025-03-05T20:02:25.669Z" },
    { url = "https://files.pythonhosted.org/packages/ec/6d/0267396610add5bc0d0d3e77f546d4cd287200804fe02323797de77dbce9/websockets-15.0.1-cp312-cp312-musllinux_1_2_aarch64.whl", hash = "sha256:d5f6b181bb38171a8ad1d6aa58a67a6aa9d4b38d0f8c5f496b9e42561dfc62fe", size = 182790, upload-time = "2025-03-05T20:02:26.99Z" },
    { url = "https://files.pythonhosted.org/packages/02/05/c68c5adbf679cf610ae2f74a9b871ae84564462955d991178f95a1ddb7dd/websockets-15.0.1-cp312-cp312-musllinux_1_2_i686.whl", hash = "sha256:5d54b09eba2bada6011aea5375542a157637b91029687eb4fdb2dab11059c1b4", size = 182165, upload-time = "2025-03-05T20:02:30.291Z" },
    { url = "https://files.pythonhosted.org/packages/29/93/bb672df7b2f5faac89761cb5fa34f5cec45a4026c383a4b5761c6cea5c16/websockets-15.0.1-cp312-cp312-musllinux_1_2_x86_64.whl", hash = "sha256:3be571a8b5afed347da347bfcf27ba12b069d9d7f42cb8c7028b5e98bbb12597", size = 182160, upload-time = "2025-03-05T20:02:31.634Z" },
    { url = "https://files.pythonhosted.org/packages/ff/83/de1f7709376dc3ca9b7eeb4b9a07b4526b14876b6d372a4dc62312bebee0/websockets-15.0.1-cp312-cp312-win32.whl", hash = "sha256:c338ffa0520bdb12fbc527265235639fb76e7bc7faafbb93f6ba80d9c06578a9", size = 176395, upload-time = "2025-03-05T20:02:33.017Z" },
    { url = "https://files.pythonhosted.org/packages/7d/71/abf2ebc3bbfa40f391ce1428c7168fb20582d0ff57019b69ea20fa698043/websockets-15.0.1-cp312-cp312-win_amd64.whl", hash = "sha256:fcd5cf9e305d7b8338754470cf69cf81f420459dbae8a3b40cee57417f4614a7", size = 176841, upload-time = "2025-03-05T20:02:34.498Z" },
    { url = "https://files.pythonhosted.org/packages/cb/9f/51f0cf64471a9d2b4d0fc6c534f323b664e7095640c34562f5182e5a7195/websockets-15.0.1-cp313-cp313-macosx_10_13_universal2.whl", hash = "sha256:ee443ef070bb3b6ed74514f5efaa37a252af57c90eb33b956d35c8e9c10a1931", size = 175440, upload-time = "2025-03-05T20:02:36.695Z" },
    { url = "https://files.pythonhosted.org/packages/8a/05/aa116ec9943c718905997412c5989f7ed671bc0188ee2ba89520e8765d7b/websockets-15.0.1-cp313-cp313-macosx_10_13_x86_64.whl", hash = "sha256:5a939de6b7b4e18ca683218320fc67ea886038265fd1ed30173f5ce3f8e85675", size = 173098, upload-time = "2025-03-05T20:02:37.985Z" },
    { url = "https://files.pythonhosted.org/packages/ff/0b/33cef55ff24f2d92924923c99926dcce78e7bd922d649467f0eda8368923/websockets-15.0.1-cp313-cp313-macosx_11_0_arm64.whl", hash = "sha256:746ee8dba912cd6fc889a8147168991d50ed70447bf18bcda7039f7d2e3d9151", size = 173329, upload-time = "2025-03-05T20:02:39.298Z" },
    { url = "https://files.pythonhosted.org/packages/31/1d/063b25dcc01faa8fada1469bdf769de3768b7044eac9d41f734fd7b6ad6d/websockets-15.0.1-cp313-cp313-manylinux_2_17_aarch64.manylinux2014_aarch64.whl", hash = "sha256:595b6c3969023ecf9041b2936ac3827e4623bfa3ccf007575f04c5a6aa318c22", size = 183111, upload-time = "2025-03-05T20:02:40.595Z" },
    { url = "https://files.pythonhosted.org/packages/93/53/9a87ee494a51bf63e4ec9241c1ccc4f7c2f45fff85d5bde2ff74fcb68b9e/websockets-15.0.1-cp313-cp313-manylinux_2_5_i686.manylinux1_i686.manylinux_2_17_i686.manylinux2014_i686.whl", hash = "sha256:3c714d2fc58b5ca3e285461a4cc0c9a66bd0e24c5da9911e30158286c9b5be7f", size = 182054, upload-time = "2025-03-05T20:02:41.926Z" },
    { url = "https://files.pythonhosted.org/packages/ff/b2/83a6ddf56cdcbad4e3d841fcc55d6ba7d19aeb89c50f24dd7e859ec0805f/websockets-15.0.1-cp313-cp313-manylinux_2_5_x86_64.manylinux1_x86_64.manylinux_2_17_x86_64.manylinux2014_x86_64.whl", hash = "sha256:0f3c1e2ab208db911594ae5b4f79addeb3501604a165019dd221c0bdcabe4db8", size = 182496, upload-time = "2025-03-05T20:02:43.304Z" },
    { url = "https://files.pythonhosted.org/packages/98/41/e7038944ed0abf34c45aa4635ba28136f06052e08fc2168520bb8b25149f/websockets-15.0.1-cp313-cp313-musllinux_1_2_aarch64.whl", hash = "sha256:229cf1d3ca6c1804400b0a9790dc66528e08a6a1feec0d5040e8b9eb14422375", size = 182829, upload-time = "2025-03-05T20:02:48.812Z" },
    { url = "https://files.pythonhosted.org/packages/e0/17/de15b6158680c7623c6ef0db361da965ab25d813ae54fcfeae2e5b9ef910/websockets-15.0.1-cp313-cp313-musllinux_1_2_i686.whl", hash = "sha256:756c56e867a90fb00177d530dca4b097dd753cde348448a1012ed6c5131f8b7d", size = 182217, upload-time = "2025-03-05T20:02:50.14Z" },
    { url = "https://files.pythonhosted.org/packages/33/2b/1f168cb6041853eef0362fb9554c3824367c5560cbdaad89ac40f8c2edfc/websockets-15.0.1-cp313-cp313-musllinux_1_2_x86_64.whl", hash = "sha256:558d023b3df0bffe50a04e710bc87742de35060580a293c2a984299ed83bc4e4", size = 182195, upload-time = "2025-03-05T20:02:51.561Z" },
    { url = "https://files.pythonhosted.org/packages/86/eb/20b6cdf273913d0ad05a6a14aed4b9a85591c18a987a3d47f20fa13dcc47/websockets-15.0.1-cp313-cp313-win32.whl", hash = "sha256:ba9e56e8ceeeedb2e080147ba85ffcd5cd0711b89576b83784d8605a7df455fa", size = 176393, upload-time = "2025-03-05T20:02:53.814Z" },
    { url = "https://files.pythonhosted.org/packages/1b/6c/c65773d6cab416a64d191d6ee8a8b1c68a09970ea6909d16965d26bfed1e/websockets-15.0.1-cp313-cp313-win_amd64.whl", hash = "sha256:e09473f095a819042ecb2ab9465aee615bd9c2028e4ef7d933600a8401c79561", size = 176837, upload-time = "2025-03-05T20:02:55.237Z" },
    { url = "https://files.pythonhosted.org/packages/fa/a8/5b41e0da817d64113292ab1f8247140aac61cbf6cfd085d6a0fa77f4984f/websockets-15.0.1-py3-none-any.whl", hash = "sha256:f7a866fbc1e97b5c617ee4116daaa09b722101d4a3c170c787450ba409f9736f", size = 169743, upload-time = "2025-03-05T20:03:39.41Z" },
]
